
Microsoft Visual Studio Solution File, Format Version 12.00
# Visual Studio Version 17
VisualStudioVersion = 17.9.34728.123
MinimumVisualStudioVersion = 10.0.40219.1
Project("{FAE04EC0-301F-11D3-BF4B-00C04F79EFBC}") = "Selesaikan", "Selesaikan.csproj", "{B1E3F53A-2EED-48AA-86B5-039CB4CB282D}"
EndProject
Global
	GlobalSection(SolutionConfigurationPlatforms) = preSolution
		Debug|Any CPU = Debug|Any CPU
		Release|Any CPU = Release|Any CPU
	EndGlobalSection
	GlobalSection(ProjectConfigurationPlatforms) = postSolution
		{B1E3F53A-2EED-48AA-86B5-039CB4CB282D}.Debug|Any CPU.ActiveCfg = Debug|Any CPU
		{B1E3F53A-2EED-48AA-86B5-039CB4CB282D}.Debug|Any CPU.Build.0 = Debug|Any CPU
		{B1E3F53A-2EED-48AA-86B5-039CB4CB282D}.Release|Any CPU.ActiveCfg = Release|Any CPU
		{B1E3F53A-2EED-48AA-86B5-039CB4CB282D}.Release|Any CPU.Build.0 = Release|Any CPU
	EndGlobalSection
	GlobalSection(SolutionProperties) = preSolution
		HideSolutionNode = FALSE
	EndGlobalSection
	GlobalSection(ExtensibilityGlobals) = postSolution
		SolutionGuid = {D8A342B0-2C5F-4B45-9F4D-0147A7DBA9D2}
	EndGlobalSection
EndGlobal
